
Microsoft Visual Studio Solution File, Format Version 12.00
# Visual Studio 14
VisualStudioVersion = 14.0.23107.0
MinimumVisualStudioVersion = 10.0.40219.1
Project("{FAE04EC0-301F-11D3-BF4B-00C04F79EFBC}") = "Legopoly", "Legopoly\Legopoly.csproj", "{33AC8079-3AD0-48D6-91B4-8F10B8214654}"
EndProject
Project("{FAE04EC0-301F-11D3-BF4B-00C04F79EFBC}") = "Legopoly.Tests", "Legopoly.Tests\Legopoly.Tests.csproj", "{3C174C98-2097-46A9-ADB1-7E724714EC7C}"
EndProject
Global
	GlobalSection(SolutionConfigurationPlatforms) = preSolution
		Debug|Any CPU = Debug|Any CPU
		Release|Any CPU = Release|Any CPU
	EndGlobalSection
	GlobalSection(ProjectConfigurationPlatforms) = postSolution
		{33AC8079-3AD0-48D6-91B4-8F10B8214654}.Debug|Any CPU.ActiveCfg = Debug|Any CPU
		{33AC8079-3AD0-48D6-91B4-8F10B8214654}.Debug|Any CPU.Build.0 = Debug|Any CPU
		{33AC8079-3AD0-48D6-91B4-8F10B8214654}.Release|Any CPU.ActiveCfg = Release|Any CPU
		{33AC8079-3AD0-48D6-91B4-8F10B8214654}.Release|Any CPU.Build.0 = Release|Any CPU
		{3C174C98-2097-46A9-ADB1-7E724714EC7C}.Debug|Any CPU.ActiveCfg = Debug|Any CPU
		{3C174C98-2097-46A9-ADB1-7E724714EC7C}.Debug|Any CPU.Build.0 = Debug|Any CPU
		{3C174C98-2097-46A9-ADB1-7E724714EC7C}.Release|Any CPU.ActiveCfg = Release|Any CPU
		{3C174C98-2097-46A9-ADB1-7E724714EC7C}.Release|Any CPU.Build.0 = Release|Any CPU
	EndGlobalSection
	GlobalSection(SolutionProperties) = preSolution
		HideSolutionNode = FALSE
	EndGlobalSection
EndGlobal
